// !$*UTF8*$!
{
	archiveVersion = 1;
	classes = {
	};
	objectVersion = 50;
	objects = {

/* Begin PBXBuildFile section */
		311A274B218B082900992BC3 /* FireSwift_StructureCoding.framework in Frameworks */ = {isa = PBXBuildFile; fileRef = 311A274A218B082900992BC3 /* FireSwift_StructureCoding.framework */; };
		311A274F218B0A6F00992BC3 /* FireSwift_DecodeResult.framework in Frameworks */ = {isa = PBXBuildFile; fileRef = 311A274D218B0A6F00992BC3 /* FireSwift_DecodeResult.framework */; };
		311A2798218B3B1900992BC3 /* FireSwift_Paths.framework in Frameworks */ = {isa = PBXBuildFile; fileRef = 311A2797218B3B1900992BC3 /* FireSwift_Paths.framework */; };
		311A2799218B3B7900992BC3 /* FireSwift_Paths.framework in Frameworks */ = {isa = PBXBuildFile; fileRef = 311A2797218B3B1900992BC3 /* FireSwift_Paths.framework */; };
		311A279A218B3B7900992BC3 /* FireSwift_DecodeResult.framework in Frameworks */ = {isa = PBXBuildFile; fileRef = 311A274D218B0A6F00992BC3 /* FireSwift_DecodeResult.framework */; };
		311A279B218B3B7900992BC3 /* FireSwift_StructureCoding.framework in Frameworks */ = {isa = PBXBuildFile; fileRef = 311A274A218B082900992BC3 /* FireSwift_StructureCoding.framework */; };
		311A279C218B3B7900992BC3 /* FirebaseDatabase.framework in Frameworks */ = {isa = PBXBuildFile; fileRef = 31620D892109F09700085F66 /* FirebaseDatabase.framework */; };
		311A279D218B3B7900992BC3 /* leveldb-library.framework in Frameworks */ = {isa = PBXBuildFile; fileRef = 31620D872109F09700085F66 /* leveldb-library.framework */; };
		311A279E218B3B7900992BC3 /* Result.framework in Frameworks */ = {isa = PBXBuildFile; fileRef = 31620D882109F09700085F66 /* Result.framework */; };
		311A27A0218B3B8D00992BC3 /* FireSwift_Paths.framework in CopyFiles */ = {isa = PBXBuildFile; fileRef = 311A2797218B3B1900992BC3 /* FireSwift_Paths.framework */; settings = {ATTRIBUTES = (CodeSignOnCopy, RemoveHeadersOnCopy, ); }; };
		311A27A1218B3B8D00992BC3 /* FireSwift_DecodeResult.framework in CopyFiles */ = {isa = PBXBuildFile; fileRef = 311A274D218B0A6F00992BC3 /* FireSwift_DecodeResult.framework */; settings = {ATTRIBUTES = (CodeSignOnCopy, RemoveHeadersOnCopy, ); }; };
		311A27A2218B3B8D00992BC3 /* FireSwift_StructureCoding.framework in CopyFiles */ = {isa = PBXBuildFile; fileRef = 311A274A218B082900992BC3 /* FireSwift_StructureCoding.framework */; settings = {ATTRIBUTES = (CodeSignOnCopy, RemoveHeadersOnCopy, ); }; };
		311A27A3218B3B8D00992BC3 /* FirebaseDatabase.framework in CopyFiles */ = {isa = PBXBuildFile; fileRef = 31620D892109F09700085F66 /* FirebaseDatabase.framework */; settings = {ATTRIBUTES = (CodeSignOnCopy, RemoveHeadersOnCopy, ); }; };
		311A27A4218B3B8D00992BC3 /* leveldb-library.framework in CopyFiles */ = {isa = PBXBuildFile; fileRef = 31620D872109F09700085F66 /* leveldb-library.framework */; settings = {ATTRIBUTES = (CodeSignOnCopy, RemoveHeadersOnCopy, ); }; };
		311A27A5218B3B8D00992BC3 /* Result.framework in CopyFiles */ = {isa = PBXBuildFile; fileRef = 31620D882109F09700085F66 /* Result.framework */; settings = {ATTRIBUTES = (CodeSignOnCopy, RemoveHeadersOnCopy, ); }; };
		31620D662109ED7F00085F66 /* FireSwift_Database.framework in Frameworks */ = {isa = PBXBuildFile; fileRef = 31620D5C2109ED7F00085F66 /* FireSwift_Database.framework */; };
		31620D6B2109ED7F00085F66 /* FireSwift-DatabaseTests.swift in Sources */ = {isa = PBXBuildFile; fileRef = 31620D6A2109ED7F00085F66 /* FireSwift-DatabaseTests.swift */; };
		31620D6D2109ED7F00085F66 /* FireSwift-Database.h in Headers */ = {isa = PBXBuildFile; fileRef = 31620D5F2109ED7F00085F66 /* FireSwift-Database.h */; settings = {ATTRIBUTES = (Public, ); }; };
		31620D7E2109F05700085F66 /* FirebaseExtensions.swift in Sources */ = {isa = PBXBuildFile; fileRef = 31620D7D2109F05700085F66 /* FirebaseExtensions.swift */; };
		31620D912109F09700085F66 /* leveldb-library.framework in Frameworks */ = {isa = PBXBuildFile; fileRef = 31620D872109F09700085F66 /* leveldb-library.framework */; };
		31620D922109F09700085F66 /* Result.framework in Frameworks */ = {isa = PBXBuildFile; fileRef = 31620D882109F09700085F66 /* Result.framework */; };
		31620D932109F09700085F66 /* FirebaseDatabase.framework in Frameworks */ = {isa = PBXBuildFile; fileRef = 31620D892109F09700085F66 /* FirebaseDatabase.framework */; };
/* End PBXBuildFile section */

/* Begin PBXContainerItemProxy section */
		31620D672109ED7F00085F66 /* PBXContainerItemProxy */ = {
			isa = PBXContainerItemProxy;
			containerPortal = 31620D532109ED7F00085F66 /* Project object */;
			proxyType = 1;
			remoteGlobalIDString = 31620D5B2109ED7F00085F66;
			remoteInfo = SwiftyFirebase;
		};
/* End PBXContainerItemProxy section */

/* Begin PBXCopyFilesBuildPhase section */
		311A279F218B3B8800992BC3 /* CopyFiles */ = {
			isa = PBXCopyFilesBuildPhase;
			buildActionMask = 2147483647;
			dstPath = "";
			dstSubfolderSpec = 10;
			files = (
				311A27A0218B3B8D00992BC3 /* FireSwift_Paths.framework in CopyFiles */,
				311A27A1218B3B8D00992BC3 /* FireSwift_DecodeResult.framework in CopyFiles */,
				311A27A2218B3B8D00992BC3 /* FireSwift_StructureCoding.framework in CopyFiles */,
				311A27A3218B3B8D00992BC3 /* FirebaseDatabase.framework in CopyFiles */,
				311A27A4218B3B8D00992BC3 /* leveldb-library.framework in CopyFiles */,
				311A27A5218B3B8D00992BC3 /* Result.framework in CopyFiles */,
			);
			runOnlyForDeploymentPostprocessing = 0;
		};
/* End PBXCopyFilesBuildPhase section */

/* Begin PBXFileReference section */
		311A274A218B082900992BC3 /* FireSwift_StructureCoding.framework */ = {isa = PBXFileReference; lastKnownFileType = wrapper.framework; name = FireSwift_StructureCoding.framework; path = Carthage/Build/iOS/FireSwift_StructureCoding.framework; sourceTree = "<group>"; };
		311A274D218B0A6F00992BC3 /* FireSwift_DecodeResult.framework */ = {isa = PBXFileReference; lastKnownFileType = wrapper.framework; name = FireSwift_DecodeResult.framework; path = Carthage/Build/iOS/FireSwift_DecodeResult.framework; sourceTree = "<group>"; };
		311A2797218B3B1900992BC3 /* FireSwift_Paths.framework */ = {isa = PBXFileReference; lastKnownFileType = wrapper.framework; name = FireSwift_Paths.framework; path = Carthage/Build/iOS/FireSwift_Paths.framework; sourceTree = "<group>"; };
		31620D5C2109ED7F00085F66 /* FireSwift_Database.framework */ = {isa = PBXFileReference; explicitFileType = wrapper.framework; includeInIndex = 0; path = FireSwift_Database.framework; sourceTree = BUILT_PRODUCTS_DIR; };
		31620D5F2109ED7F00085F66 /* FireSwift-Database.h */ = {isa = PBXFileReference; lastKnownFileType = sourcecode.c.h; path = "FireSwift-Database.h"; sourceTree = "<group>"; };
		31620D602109ED7F00085F66 /* Info.plist */ = {isa = PBXFileReference; lastKnownFileType = text.plist.xml; path = Info.plist; sourceTree = "<group>"; };
		31620D652109ED7F00085F66 /* FireSwift-DatabaseTests.xctest */ = {isa = PBXFileReference; explicitFileType = wrapper.cfbundle; includeInIndex = 0; path = "FireSwift-DatabaseTests.xctest"; sourceTree = BUILT_PRODUCTS_DIR; };
		31620D6A2109ED7F00085F66 /* FireSwift-DatabaseTests.swift */ = {isa = PBXFileReference; lastKnownFileType = sourcecode.swift; path = "FireSwift-DatabaseTests.swift"; sourceTree = "<group>"; };
		31620D6C2109ED7F00085F66 /* Info.plist */ = {isa = PBXFileReference; lastKnownFileType = text.plist.xml; path = Info.plist; sourceTree = "<group>"; };
		31620D7D2109F05700085F66 /* FirebaseExtensions.swift */ = {isa = PBXFileReference; lastKnownFileType = sourcecode.swift; path = FirebaseExtensions.swift; sourceTree = "<group>"; };
		31620D872109F09700085F66 /* leveldb-library.framework */ = {isa = PBXFileReference; lastKnownFileType = wrapper.framework; name = "leveldb-library.framework"; path = "Carthage/Build/iOS/leveldb-library.framework"; sourceTree = "<group>"; };
		31620D882109F09700085F66 /* Result.framework */ = {isa = PBXFileReference; lastKnownFileType = wrapper.framework; name = Result.framework; path = Carthage/Build/iOS/Result.framework; sourceTree = "<group>"; };
		31620D892109F09700085F66 /* FirebaseDatabase.framework */ = {isa = PBXFileReference; lastKnownFileType = wrapper.framework; name = FirebaseDatabase.framework; path = Carthage/Build/iOS/FirebaseDatabase.framework; sourceTree = "<group>"; };
/* End PBXFileReference section */

/* Begin PBXFrameworksBuildPhase section */
		31620D582109ED7F00085F66 /* Frameworks */ = {
			isa = PBXFrameworksBuildPhase;
			buildActionMask = 2147483647;
			files = (
				311A2798218B3B1900992BC3 /* FireSwift_Paths.framework in Frameworks */,
				311A274F218B0A6F00992BC3 /* FireSwift_DecodeResult.framework in Frameworks */,
				311A274B218B082900992BC3 /* FireSwift_StructureCoding.framework in Frameworks */,
				31620D912109F09700085F66 /* leveldb-library.framework in Frameworks */,
				31620D922109F09700085F66 /* Result.framework in Frameworks */,
				31620D932109F09700085F66 /* FirebaseDatabase.framework in Frameworks */,
			);
			runOnlyForDeploymentPostprocessing = 0;
		};
		31620D622109ED7F00085F66 /* Frameworks */ = {
			isa = PBXFrameworksBuildPhase;
			buildActionMask = 2147483647;
			files = (
				31620D662109ED7F00085F66 /* FireSwift_Database.framework in Frameworks */,
				311A2799218B3B7900992BC3 /* FireSwift_Paths.framework in Frameworks */,
				311A279A218B3B7900992BC3 /* FireSwift_DecodeResult.framework in Frameworks */,
				311A279B218B3B7900992BC3 /* FireSwift_StructureCoding.framework in Frameworks */,
				311A279C218B3B7900992BC3 /* FirebaseDatabase.framework in Frameworks */,
				311A279D218B3B7900992BC3 /* leveldb-library.framework in Frameworks */,
				311A279E218B3B7900992BC3 /* Result.framework in Frameworks */,
			);
			runOnlyForDeploymentPostprocessing = 0;
		};
/* End PBXFrameworksBuildPhase section */

/* Begin PBXGroup section */
		31620D522109ED7F00085F66 = {
			isa = PBXGroup;
			children = (
				31620D5E2109ED7F00085F66 /* FireSwift-Database */,
				31620D692109ED7F00085F66 /* FireSwift-DatabaseTests */,
				31620D5D2109ED7F00085F66 /* Products */,
				31620D7F2109F09600085F66 /* Frameworks */,
			);
			sourceTree = "<group>";
		};
		31620D5D2109ED7F00085F66 /* Products */ = {
			isa = PBXGroup;
			children = (
				31620D5C2109ED7F00085F66 /* FireSwift_Database.framework */,
				31620D652109ED7F00085F66 /* FireSwift-DatabaseTests.xctest */,
			);
			name = Products;
			sourceTree = "<group>";
		};
		31620D5E2109ED7F00085F66 /* FireSwift-Database */ = {
			isa = PBXGroup;
			children = (
				31620D5F2109ED7F00085F66 /* FireSwift-Database.h */,
				31620D602109ED7F00085F66 /* Info.plist */,
				31620D7D2109F05700085F66 /* FirebaseExtensions.swift */,
			);
			path = "FireSwift-Database";
			sourceTree = "<group>";
		};
		31620D692109ED7F00085F66 /* FireSwift-DatabaseTests */ = {
			isa = PBXGroup;
			children = (
				31620D6A2109ED7F00085F66 /* FireSwift-DatabaseTests.swift */,
				31620D6C2109ED7F00085F66 /* Info.plist */,
			);
			path = "FireSwift-DatabaseTests";
			sourceTree = "<group>";
		};
		31620D7F2109F09600085F66 /* Frameworks */ = {
			isa = PBXGroup;
			children = (
				311A2797218B3B1900992BC3 /* FireSwift_Paths.framework */,
				311A274D218B0A6F00992BC3 /* FireSwift_DecodeResult.framework */,
				311A274A218B082900992BC3 /* FireSwift_StructureCoding.framework */,
				31620D892109F09700085F66 /* FirebaseDatabase.framework */,
				31620D872109F09700085F66 /* leveldb-library.framework */,
				31620D882109F09700085F66 /* Result.framework */,
			);
			name = Frameworks;
			sourceTree = "<group>";
		};
/* End PBXGroup section */

/* Begin PBXHeadersBuildPhase section */
		31620D592109ED7F00085F66 /* Headers */ = {
			isa = PBXHeadersBuildPhase;
			buildActionMask = 2147483647;
			files = (
				31620D6D2109ED7F00085F66 /* FireSwift-Database.h in Headers */,
			);
			runOnlyForDeploymentPostprocessing = 0;
		};
/* End PBXHeadersBuildPhase section */

/* Begin PBXNativeTarget section */
		31620D5B2109ED7F00085F66 /* FireSwift-Database */ = {
			isa = PBXNativeTarget;
			buildConfigurationList = 31620D702109ED7F00085F66 /* Build configuration list for PBXNativeTarget "FireSwift-Database" */;
			buildPhases = (
				31620D572109ED7F00085F66 /* Sources */,
				31620D582109ED7F00085F66 /* Frameworks */,
				31620D592109ED7F00085F66 /* Headers */,
				31620D5A2109ED7F00085F66 /* Resources */,
			);
			buildRules = (
			);
			dependencies = (
			);
			name = "FireSwift-Database";
			productName = SwiftyFirebase;
			productReference = 31620D5C2109ED7F00085F66 /* FireSwift_Database.framework */;
			productType = "com.apple.product-type.framework";
		};
		31620D642109ED7F00085F66 /* FireSwift-DatabaseTests */ = {
			isa = PBXNativeTarget;
			buildConfigurationList = 31620D732109ED7F00085F66 /* Build configuration list for PBXNativeTarget "FireSwift-DatabaseTests" */;
			buildPhases = (
				31620D612109ED7F00085F66 /* Sources */,
				31620D622109ED7F00085F66 /* Frameworks */,
				31620D632109ED7F00085F66 /* Resources */,
				311A279F218B3B8800992BC3 /* CopyFiles */,
			);
			buildRules = (
			);
			dependencies = (
				31620D682109ED7F00085F66 /* PBXTargetDependency */,
			);
			name = "FireSwift-DatabaseTests";
			productName = SwiftyFirebaseTests;
			productReference = 31620D652109ED7F00085F66 /* FireSwift-DatabaseTests.xctest */;
			productType = "com.apple.product-type.bundle.unit-test";
		};
/* End PBXNativeTarget section */

/* Begin PBXProject section */
		31620D532109ED7F00085F66 /* Project object */ = {
			isa = PBXProject;
			attributes = {
				LastSwiftUpdateCheck = 0940;
				LastUpgradeCheck = 0940;
				ORGANIZATIONNAME = "Ka-ching";
				TargetAttributes = {
					31620D5B2109ED7F00085F66 = {
						CreatedOnToolsVersion = 9.4.1;
						LastSwiftMigration = 1000;
					};
					31620D642109ED7F00085F66 = {
						CreatedOnToolsVersion = 9.4.1;
						LastSwiftMigration = 1000;
					};
				};
			};
			buildConfigurationList = 31620D562109ED7F00085F66 /* Build configuration list for PBXProject "FireSwift-Database" */;
			compatibilityVersion = "Xcode 9.3";
			developmentRegion = en;
			hasScannedForEncodings = 0;
			knownRegions = (
				en,
			);
			mainGroup = 31620D522109ED7F00085F66;
			productRefGroup = 31620D5D2109ED7F00085F66 /* Products */;
			projectDirPath = "";
			projectRoot = "";
			targets = (
				31620D5B2109ED7F00085F66 /* FireSwift-Database */,
				31620D642109ED7F00085F66 /* FireSwift-DatabaseTests */,
			);
		};
/* End PBXProject section */

/* Begin PBXResourcesBuildPhase section */
		31620D5A2109ED7F00085F66 /* Resources */ = {
			isa = PBXResourcesBuildPhase;
			buildActionMask = 2147483647;
			files = (
			);
			runOnlyForDeploymentPostprocessing = 0;
		};
		31620D632109ED7F00085F66 /* Resources */ = {
			isa = PBXResourcesBuildPhase;
			buildActionMask = 2147483647;
			files = (
			);
			runOnlyForDeploymentPostprocessing = 0;
		};
/* End PBXResourcesBuildPhase section */

/* Begin PBXSourcesBuildPhase section */
		31620D572109ED7F00085F66 /* Sources */ = {
			isa = PBXSourcesBuildPhase;
			buildActionMask = 2147483647;
			files = (
				31620D7E2109F05700085F66 /* FirebaseExtensions.swift in Sources */,
			);
			runOnlyForDeploymentPostprocessing = 0;
		};
		31620D612109ED7F00085F66 /* Sources */ = {
			isa = PBXSourcesBuildPhase;
			buildActionMask = 2147483647;
			files = (
				31620D6B2109ED7F00085F66 /* FireSwift-DatabaseTests.swift in Sources */,
			);
			runOnlyForDeploymentPostprocessing = 0;
		};
/* End PBXSourcesBuildPhase section */

/* Begin PBXTargetDependency section */
		31620D682109ED7F00085F66 /* PBXTargetDependency */ = {
			isa = PBXTargetDependency;
			target = 31620D5B2109ED7F00085F66 /* FireSwift-Database */;
			targetProxy = 31620D672109ED7F00085F66 /* PBXContainerItemProxy */;
		};
/* End PBXTargetDependency section */

/* Begin XCBuildConfiguration section */
		31620D6E2109ED7F00085F66 /* Debug */ = {
			isa = XCBuildConfiguration;
			buildSettings = {
				ALWAYS_SEARCH_USER_PATHS = NO;
				CLANG_ANALYZER_NONNULL = YES;
				CLANG_ANALYZER_NUMBER_OBJECT_CONVERSION = YES_AGGRESSIVE;
				CLANG_CXX_LANGUAGE_STANDARD = "gnu++14";
				CLANG_CXX_LIBRARY = "libc++";
				CLANG_ENABLE_MODULES = YES;
				CLANG_ENABLE_OBJC_ARC = YES;
				CLANG_ENABLE_OBJC_WEAK = YES;
				CLANG_WARN_BLOCK_CAPTURE_AUTORELEASING = YES;
				CLANG_WARN_BOOL_CONVERSION = YES;
				CLANG_WARN_COMMA = YES;
				CLANG_WARN_CONSTANT_CONVERSION = YES;
				CLANG_WARN_DEPRECATED_OBJC_IMPLEMENTATIONS = YES;
				CLANG_WARN_DIRECT_OBJC_ISA_USAGE = YES_ERROR;
				CLANG_WARN_DOCUMENTATION_COMMENTS = YES;
				CLANG_WARN_EMPTY_BODY = YES;
				CLANG_WARN_ENUM_CONVERSION = YES;
				CLANG_WARN_INFINITE_RECURSION = YES;
				CLANG_WARN_INT_CONVERSION = YES;
				CLANG_WARN_NON_LITERAL_NULL_CONVERSION = YES;
				CLANG_WARN_OBJC_IMPLICIT_RETAIN_SELF = YES;
				CLANG_WARN_OBJC_LITERAL_CONVERSION = YES;
				CLANG_WARN_OBJC_ROOT_CLASS = YES_ERROR;
				CLANG_WARN_RANGE_LOOP_ANALYSIS = YES;
				CLANG_WARN_STRICT_PROTOTYPES = YES;
				CLANG_WARN_SUSPICIOUS_MOVE = YES;
				CLANG_WARN_UNGUARDED_AVAILABILITY = YES_AGGRESSIVE;
				CLANG_WARN_UNREACHABLE_CODE = YES;
				CLANG_WARN__DUPLICATE_METHOD_MATCH = YES;
				CODE_SIGN_IDENTITY = "iPhone Developer";
				COPY_PHASE_STRIP = NO;
				CURRENT_PROJECT_VERSION = 1;
				DEBUG_INFORMATION_FORMAT = dwarf;
				ENABLE_STRICT_OBJC_MSGSEND = YES;
				ENABLE_TESTABILITY = YES;
				GCC_C_LANGUAGE_STANDARD = gnu11;
				GCC_DYNAMIC_NO_PIC = NO;
				GCC_NO_COMMON_BLOCKS = YES;
				GCC_OPTIMIZATION_LEVEL = 0;
				GCC_PREPROCESSOR_DEFINITIONS = (
					"DEBUG=1",
					"$(inherited)",
				);
				GCC_WARN_64_TO_32_BIT_CONVERSION = YES;
				GCC_WARN_ABOUT_RETURN_TYPE = YES_ERROR;
				GCC_WARN_UNDECLARED_SELECTOR = YES;
				GCC_WARN_UNINITIALIZED_AUTOS = YES_AGGRESSIVE;
				GCC_WARN_UNUSED_FUNCTION = YES;
				GCC_WARN_UNUSED_VARIABLE = YES;
				IPHONEOS_DEPLOYMENT_TARGET = 11.4;
				MTL_ENABLE_DEBUG_INFO = YES;
				ONLY_ACTIVE_ARCH = YES;
				SDKROOT = iphoneos;
				SWIFT_ACTIVE_COMPILATION_CONDITIONS = DEBUG;
				SWIFT_OPTIMIZATION_LEVEL = "-Onone";
				VERSIONING_SYSTEM = "apple-generic";
				VERSION_INFO_PREFIX = "";
			};
			name = Debug;
		};
		31620D6F2109ED7F00085F66 /* Release */ = {
			isa = XCBuildConfiguration;
			buildSettings = {
				ALWAYS_SEARCH_USER_PATHS = NO;
				CLANG_ANALYZER_NONNULL = YES;
				CLANG_ANALYZER_NUMBER_OBJECT_CONVERSION = YES_AGGRESSIVE;
				CLANG_CXX_LANGUAGE_STANDARD = "gnu++14";
				CLANG_CXX_LIBRARY = "libc++";
				CLANG_ENABLE_MODULES = YES;
				CLANG_ENABLE_OBJC_ARC = YES;
				CLANG_ENABLE_OBJC_WEAK = YES;
				CLANG_WARN_BLOCK_CAPTURE_AUTORELEASING = YES;
				CLANG_WARN_BOOL_CONVERSION = YES;
				CLANG_WARN_COMMA = YES;
				CLANG_WARN_CONSTANT_CONVERSION = YES;
				CLANG_WARN_DEPRECATED_OBJC_IMPLEMENTATIONS = YES;
				CLANG_WARN_DIRECT_OBJC_ISA_USAGE = YES_ERROR;
				CLANG_WARN_DOCUMENTATION_COMMENTS = YES;
				CLANG_WARN_EMPTY_BODY = YES;
				CLANG_WARN_ENUM_CONVERSION = YES;
				CLANG_WARN_INFINITE_RECURSION = YES;
				CLANG_WARN_INT_CONVERSION = YES;
				CLANG_WARN_NON_LITERAL_NULL_CONVERSION = YES;
				CLANG_WARN_OBJC_IMPLICIT_RETAIN_SELF = YES;
				CLANG_WARN_OBJC_LITERAL_CONVERSION = YES;
				CLANG_WARN_OBJC_ROOT_CLASS = YES_ERROR;
				CLANG_WARN_RANGE_LOOP_ANALYSIS = YES;
				CLANG_WARN_STRICT_PROTOTYPES = YES;
				CLANG_WARN_SUSPICIOUS_MOVE = YES;
				CLANG_WARN_UNGUARDED_AVAILABILITY = YES_AGGRESSIVE;
				CLANG_WARN_UNREACHABLE_CODE = YES;
				CLANG_WARN__DUPLICATE_METHOD_MATCH = YES;
				CODE_SIGN_IDENTITY = "iPhone Developer";
				COPY_PHASE_STRIP = NO;
				CURRENT_PROJECT_VERSION = 1;
				DEBUG_INFORMATION_FORMAT = "dwarf-with-dsym";
				ENABLE_NS_ASSERTIONS = NO;
				ENABLE_STRICT_OBJC_MSGSEND = YES;
				GCC_C_LANGUAGE_STANDARD = gnu11;
				GCC_NO_COMMON_BLOCKS = YES;
				GCC_WARN_64_TO_32_BIT_CONVERSION = YES;
				GCC_WARN_ABOUT_RETURN_TYPE = YES_ERROR;
				GCC_WARN_UNDECLARED_SELECTOR = YES;
				GCC_WARN_UNINITIALIZED_AUTOS = YES_AGGRESSIVE;
				GCC_WARN_UNUSED_FUNCTION = YES;
				GCC_WARN_UNUSED_VARIABLE = YES;
				IPHONEOS_DEPLOYMENT_TARGET = 11.4;
				MTL_ENABLE_DEBUG_INFO = NO;
				SDKROOT = iphoneos;
				SWIFT_COMPILATION_MODE = wholemodule;
				SWIFT_OPTIMIZATION_LEVEL = "-O";
				VALIDATE_PRODUCT = YES;
				VERSIONING_SYSTEM = "apple-generic";
				VERSION_INFO_PREFIX = "";
			};
			name = Release;
		};
		31620D712109ED7F00085F66 /* Debug */ = {
			isa = XCBuildConfiguration;
			buildSettings = {
				CLANG_ENABLE_MODULES = YES;
				CODE_SIGN_IDENTITY = "";
				CODE_SIGN_STYLE = Automatic;
				DEFINES_MODULE = YES;
				DEVELOPMENT_TEAM = FUWNN36Z78;
				DYLIB_COMPATIBILITY_VERSION = 1;
				DYLIB_CURRENT_VERSION = 1;
				DYLIB_INSTALL_NAME_BASE = "@rpath";
				FRAMEWORK_SEARCH_PATHS = (
					"$(inherited)",
					"$(PROJECT_DIR)/Carthage/Build/iOS",
				);
				INFOPLIST_FILE = "FireSwift-Database/Info.plist";
				INSTALL_PATH = "$(LOCAL_LIBRARY_DIR)/Frameworks";
				LD_RUNPATH_SEARCH_PATHS = (
					"$(inherited)",
					"@executable_path/Frameworks",
					"@loader_path/Frameworks",
				);
				MACH_O_TYPE = mh_dylib;
				PRODUCT_BUNDLE_IDENTIFIER = "dk.ka-ching.FireSwift-Database";
				PRODUCT_NAME = "$(TARGET_NAME:c99extidentifier)";
				SKIP_INSTALL = YES;
				SWIFT_OPTIMIZATION_LEVEL = "-Onone";
				SWIFT_VERSION = 4.2;
				TARGETED_DEVICE_FAMILY = "1,2";
			};
			name = Debug;
		};
		31620D722109ED7F00085F66 /* Release */ = {
			isa = XCBuildConfiguration;
			buildSettings = {
				CLANG_ENABLE_MODULES = YES;
				CODE_SIGN_IDENTITY = "";
				CODE_SIGN_STYLE = Automatic;
				DEFINES_MODULE = YES;
				DEVELOPMENT_TEAM = FUWNN36Z78;
				DYLIB_COMPATIBILITY_VERSION = 1;
				DYLIB_CURRENT_VERSION = 1;
				DYLIB_INSTALL_NAME_BASE = "@rpath";
				FRAMEWORK_SEARCH_PATHS = (
					"$(inherited)",
					"$(PROJECT_DIR)/Carthage/Build/iOS",
				);
				INFOPLIST_FILE = "FireSwift-Database/Info.plist";
				INSTALL_PATH = "$(LOCAL_LIBRARY_DIR)/Frameworks";
				LD_RUNPATH_SEARCH_PATHS = (
					"$(inherited)",
					"@executable_path/Frameworks",
					"@loader_path/Frameworks",
				);
				MACH_O_TYPE = mh_dylib;
				PRODUCT_BUNDLE_IDENTIFIER = "dk.ka-ching.FireSwift-Database";
				PRODUCT_NAME = "$(TARGET_NAME:c99extidentifier)";
				SKIP_INSTALL = YES;
				SWIFT_VERSION = 4.2;
				TARGETED_DEVICE_FAMILY = "1,2";
			};
			name = Release;
		};
		31620D742109ED7F00085F66 /* Debug */ = {
			isa = XCBuildConfiguration;
			buildSettings = {
				ALWAYS_EMBED_SWIFT_STANDARD_LIBRARIES = YES;
				CODE_SIGN_STYLE = Automatic;
				DEVELOPMENT_TEAM = FUWNN36Z78;
				FRAMEWORK_SEARCH_PATHS = (
					"$(inherited)",
					"$(PROJECT_DIR)/Carthage/Build/iOS",
				);
				INFOPLIST_FILE = "FireSwift-DatabaseTests/Info.plist";
				LD_RUNPATH_SEARCH_PATHS = (
					"$(inherited)",
					"@executable_path/Frameworks",
					"@loader_path/Frameworks",
				);
				PRODUCT_BUNDLE_IDENTIFIER = "dk.ka-ching.FireSwift-DatabaseTests";
				PRODUCT_NAME = "$(TARGET_NAME)";
				SWIFT_VERSION = 4.2;
				TARGETED_DEVICE_FAMILY = "1,2";
			};
			name = Debug;
		};
		31620D752109ED7F00085F66 /* Release */ = {
			isa = XCBuildConfiguration;
			buildSettings = {
				ALWAYS_EMBED_SWIFT_STANDARD_LIBRARIES = YES;
				CODE_SIGN_STYLE = Automatic;
				DEVELOPMENT_TEAM = FUWNN36Z78;
				FRAMEWORK_SEARCH_PATHS = (
					"$(inherited)",
					"$(PROJECT_DIR)/Carthage/Build/iOS",
				);
				INFOPLIST_FILE = "FireSwift-DatabaseTests/Info.plist";
				LD_RUNPATH_SEARCH_PATHS = (
					"$(inherited)",
					"@executable_path/Frameworks",
					"@loader_path/Frameworks",
				);
				PRODUCT_BUNDLE_IDENTIFIER = "dk.ka-ching.FireSwift-DatabaseTests";
				PRODUCT_NAME = "$(TARGET_NAME)";
				SWIFT_VERSION = 4.2;
				TARGETED_DEVICE_FAMILY = "1,2";
			};
			name = Release;
		};
/* End XCBuildConfiguration section */

/* Begin XCConfigurationList section */
		31620D562109ED7F00085F66 /* Build configuration list for PBXProject "FireSwift-Database" */ = {
			isa = XCConfigurationList;
			buildConfigurations = (
				31620D6E2109ED7F00085F66 /* Debug */,
				31620D6F2109ED7F00085F66 /* Release */,
			);
			defaultConfigurationIsVisible = 0;
			defaultConfigurationName = Release;
		};
		31620D702109ED7F00085F66 /* Build configuration list for PBXNativeTarget "FireSwift-Database" */ = {
			isa = XCConfigurationList;
			buildConfigurations = (
				31620D712109ED7F00085F66 /* Debug */,
				31620D722109ED7F00085F66 /* Release */,
			);
			defaultConfigurationIsVisible = 0;
			defaultConfigurationName = Release;
		};
		31620D732109ED7F00085F66 /* Build configuration list for PBXNativeTarget "FireSwift-DatabaseTests" */ = {
			isa = XCConfigurationList;
			buildConfigurations = (
				31620D742109ED7F00085F66 /* Debug */,
				31620D752109ED7F00085F66 /* Release */,
			);
			defaultConfigurationIsVisible = 0;
			defaultConfigurationName = Release;
		};
/* End XCConfigurationList section */
	};
	rootObject = 31620D532109ED7F00085F66 /* Project object */;
}
